<?xml version="1.0" encoding="utf-8"?>
<Project ToolsVersion="4.0" xmlns="http://schemas.microsoft.com/developer/msbuild/2003">
  <ItemGroup>
    <Filter Include="Source Files">
      <UniqueIdentifier>{4FC737F1-C7A5-4376-A066-2A32D752A2FF}</UniqueIdentifier>
      <Extensions>cpp;c;cc;cxx;c++;cppm;ixx;def;odl;idl;hpj;bat;asm;asmx</Extensions>
    </Filter>
    <Filter Include="Header Files">
      <UniqueIdentifier>{93995380-89BD-4b04-88EB-625FBE52EBFB}</UniqueIdentifier>
      <Extensions>h;hh;hpp;hxx;h++;hm;inl;inc;ipp;xsd</Extensions>
    </Filter>
    <Filter Include="Resource Files">
      <UniqueIdentifier>{67DA6AB6-F800-4c08-8B7A-83BB121AAD01}</UniqueIdentifier>
      <Extensions>rc;ico;cur;bmp;dlg;rc2;rct;bin;rgs;gif;jpg;jpeg;jpe;resx;tiff;tif;png;wav;mfcribbon-ms</Extensions>
    </Filter>
  </ItemGroup>
  <ItemGroup>
    <ClInclude Include="src\states\GameState.h">
      <Filter>Header Files</Filter>
    </ClInclude>
    <ClInclude Include="src\layers\EntityLayer.h">
      <Filter>Header Files</Filter>
    </ClInclude>
    <ClInclude Include="src\entities\Player.h">
      <Filter>Header Files</Filter>
    </ClInclude>
    <ClInclude Include="src\graphics\Animation.h">
      <Filter>Header Files</Filter>
    </ClInclude>
    <ClInclude Include="src\entities\PlayerAnimations.h">
      <Filter>Header Files</Filter>
    </ClInclude>
    <ClInclude Include="src\entities\Entities.h">
      <Filter>Header Files</Filter>
    </ClInclude>
    <ClInclude Include="src\entities\PlayerDirections.h">
      <Filter>Header Files</Filter>
    </ClInclude>
    <ClInclude Include="src\layers\MapLayer.h">
      <Filter>Header Files</Filter>
    </ClInclude>
    <ClInclude Include="src\objects\Objects.h">
      <Filter>Header Files</Filter>
    </ClInclude>
    <ClInclude Include="src\layers\ObjectLayer.h">
      <Filter>Header Files</Filter>
    </ClInclude>
    <ClInclude Include="src\objects\Coin.h">
      <Filter>Header Files</Filter>
    </ClInclude>
    <ClInclude Include="src\audio\SfxPool.h">
      <Filter>Header Files</Filter>
    </ClInclude>
    <ClInclude Include="src\graphics\Camera.h">
      <Filter>Header Files</Filter>
    </ClInclude>
    <ClInclude Include="src\objects\Spike.h">
      <Filter>Header Files</Filter>
    </ClInclude>
    <ClInclude Include="src\objects\Saw.h">
      <Filter>Header Files</Filter>
    </ClInclude>
  </ItemGroup>
  <ItemGroup>
    <ClCompile Include="src\states\GameState.cpp">
      <Filter>Source Files</Filter>
    </ClCompile>
    <ClCompile Include="src\main.cpp">
      <Filter>Source Files</Filter>
    </ClCompile>
    <ClCompile Include="src\layers\EntityLayer.cpp">
      <Filter>Source Files</Filter>
    </ClCompile>
    <ClCompile Include="src\entities\Player.cpp">
      <Filter>Source Files</Filter>
    </ClCompile>
    <ClCompile Include="src\graphics\Animation.cpp">
      <Filter>Source Files</Filter>
    </ClCompile>
    <ClCompile Include="src\layers\MapLayer.cpp">
      <Filter>Source Files</Filter>
    </ClCompile>
    <ClCompile Include="src\layers\ObjectLayer.cpp">
      <Filter>Source Files</Filter>
    </ClCompile>
    <ClCompile Include="src\objects\Coin.cpp">
      <Filter>Source Files</Filter>
    </ClCompile>
    <ClCompile Include="src\audio\SfxPool.cpp">
      <Filter>Source Files</Filter>
    </ClCompile>
    <ClCompile Include="src\graphics\Camera.cpp">
      <Filter>Source Files</Filter>
    </ClCompile>
    <ClCompile Include="src\objects\Spike.cpp">
      <Filter>Source Files</Filter>
    </ClCompile>
    <ClCompile Include="src\objects\Saw.cpp">
      <Filter>Source Files</Filter>
    </ClCompile>
  </ItemGroup>
  <ItemGroup>
    <Image Include="res\images\blob.png">
      <Filter>Resource Files</Filter>
    </Image>
    <Image Include="res\images\coin.png">
      <Filter>Resource Files</Filter>
    </Image>
    <Image Include="res\images\dirt.png">
      <Filter>Resource Files</Filter>
    </Image>
    <Image Include="res\images\exit.png">
      <Filter>Resource Files</Filter>
    </Image>
    <Image Include="res\images\exit_btn.png">
      <Filter>Resource Files</Filter>
    </Image>
    <Image Include="res\images\ghost.png">
      <Filter>Resource Files</Filter>
    </Image>
    <Image Include="res\images\grass.png">
      <Filter>Resource Files</Filter>
    </Image>
    <Image Include="res\images\guy1.png">
      <Filter>Resource Files</Filter>
    </Image>
    <Image Include="res\images\guy2.png">
      <Filter>Resource Files</Filter>
    </Image>
    <Image Include="res\images\guy3.png">
      <Filter>Resource Files</Filter>
    </Image>
    <Image Include="res\images\guy4.png">
      <Filter>Resource Files</Filter>
    </Image>
    <Image Include="res\images\lava.png">
      <Filter>Resource Files</Filter>
    </Image>
    <Image Include="res\images\load_btn.png">
      <Filter>Resource Files</Filter>
    </Image>
    <Image Include="res\images\platform.png">
      <Filter>Resource Files</Filter>
    </Image>
    <Image Include="res\images\platform_x.png">
      <Filter>Resource Files</Filter>
    </Image>
    <Image Include="res\images\platform_y.png">
      <Filter>Resource Files</Filter>
    </Image>
    <Image Include="res\images\restart_btn.png">
      <Filter>Resource Files</Filter>
    </Image>
    <Image Include="res\images\save_btn.png">
      <Filter>Resource Files</Filter>
    </Image>
    <Image Include="res\images\sky.png">
      <Filter>Resource Files</Filter>
    </Image>
    <Image Include="res\images\start_btn.png">
      <Filter>Resource Files</Filter>
    </Image>
    <Image Include="res\images\sun.png">
      <Filter>Resource Files</Filter>
    </Image>
    <Image Include="res\images\Beach_Tile.png">
      <Filter>Resource Files</Filter>
    </Image>
  </ItemGroup>
  <ItemGroup>
    <Media Include="res\sfx\coin.wav">
      <Filter>Resource Files</Filter>
    </Media>
    <Media Include="res\sfx\game_over.wav">
      <Filter>Resource Files</Filter>
    </Media>
    <Media Include="res\sfx\jump.wav">
      <Filter>Resource Files</Filter>
    </Media>
    <Media Include="res\sfx\music.wav">
      <Filter>Resource Files</Filter>
    </Media>
  </ItemGroup>
</Project>